
Microsoft Visual Studio Solution File, Format Version 12.00
# Visual Studio Version 16
VisualStudioVersion = 16.0.29926.136
MinimumVisualStudioVersion = 10.0.40219.1
Project("{9A19103F-16F7-4668-BE54-9A1E7A4F7556}") = "Creator", "src\Creator.csproj", "{D992628C-44CA-4E64-94BF-E1222B00F54F}"
EndProject
Project("{9A19103F-16F7-4668-BE54-9A1E7A4F7556}") = "Creator.Tests", "tests\Creator.Tests\Creator.Tests.csproj", "{29C9A310-106F-49C8-94A1-A37C04330E72}"
EndProject
Global
	GlobalSection(SolutionConfigurationPlatforms) = preSolution
		Debug|Any CPU = Debug|Any CPU
		Release|Any CPU = Release|Any CPU
	EndGlobalSection
	GlobalSection(ProjectConfigurationPlatforms) = postSolution
		{D992628C-44CA-4E64-94BF-E1222B00F54F}.Debug|Any CPU.ActiveCfg = Debug|Any CPU
		{D992628C-44CA-4E64-94BF-E1222B00F54F}.Debug|Any CPU.Build.0 = Debug|Any CPU
		{D992628C-44CA-4E64-94BF-E1222B00F54F}.Release|Any CPU.ActiveCfg = Release|Any CPU
		{D992628C-44CA-4E64-94BF-E1222B00F54F}.Release|Any CPU.Build.0 = Release|Any CPU
		{29C9A310-106F-49C8-94A1-A37C04330E72}.Debug|Any CPU.ActiveCfg = Debug|Any CPU
		{29C9A310-106F-49C8-94A1-A37C04330E72}.Debug|Any CPU.Build.0 = Debug|Any CPU
		{29C9A310-106F-49C8-94A1-A37C04330E72}.Release|Any CPU.ActiveCfg = Release|Any CPU
		{29C9A310-106F-49C8-94A1-A37C04330E72}.Release|Any CPU.Build.0 = Release|Any CPU
	EndGlobalSection
	GlobalSection(SolutionProperties) = preSolution
		HideSolutionNode = FALSE
	EndGlobalSection
	GlobalSection(ExtensibilityGlobals) = postSolution
		SolutionGuid = {4FADB46E-82CC-4A68-8B97-CDB958E2B150}
	EndGlobalSection
EndGlobal
